
Microsoft Visual Studio Solution File, Format Version 12.00
# Visual Studio Version 17
VisualStudioVersion = 17.0.31903.59
MinimumVisualStudioVersion = 10.0.40219.1
Project("{2150E333-8FDC-42A3-9474-1A3956D46DE8}") = "src", "src", "{B2229819-300D-4B09-A0D8-E6FB11CFD52E}"
EndProject
Project("{2150E333-8FDC-42A3-9474-1A3956D46DE8}") = "server", "server", "{B48F6957-AFEA-4D9D-8CFB-2A243AA40091}"
EndProject
Project("{9A19103F-16F7-4668-BE54-9A1E7A4F7556}") = "Leadify.App", "src\server\Leadify.App\Leadify.App.csproj", "{3286D4E4-3FFA-4F8E-A4E7-32E05D22AC9B}"
EndProject
Project("{9A19103F-16F7-4668-BE54-9A1E7A4F7556}") = "Leadify.Application", "src\server\Leadify.Application\Leadify.Application.csproj", "{4DD0B196-FB6E-4A37-8560-028E6DDA7170}"
EndProject
Project("{9A19103F-16F7-4668-BE54-9A1E7A4F7556}") = "Leadify.Domain", "src\server\Leadify.Domain\Leadify.Domain.csproj", "{ED3E2D33-09EA-481E-8F39-6ED4026C7F8C}"
EndProject
Project("{9A19103F-16F7-4668-BE54-9A1E7A4F7556}") = "Leadify.Infrastructure", "src\server\Leadify.Infrastructure\Leadify.Infrastructure.csproj", "{F010AF76-B4B2-4F31-9F97-7CA6715A5118}"
EndProject
Project("{9A19103F-16F7-4668-BE54-9A1E7A4F7556}") = "Leadify.Persistence", "src\server\Leadify.Persistence\Leadify.Persistence.csproj", "{B8A7C491-E5BD-4B16-ACF6-1BAB22FD7DDA}"
EndProject
Project("{9A19103F-16F7-4668-BE54-9A1E7A4F7556}") = "Leadify.Presentation", "src\server\Leadify.Presentation\Leadify.Presentation.csproj", "{A5163F2E-0D15-49B5-B887-4F46061B32DC}"
EndProject
Project("{2150E333-8FDC-42A3-9474-1A3956D46DE8}") = "host", "host", "{4A26BC6B-5C78-4D99-8BED-B0D8A9920643}"
EndProject
Project("{9A19103F-16F7-4668-BE54-9A1E7A4F7556}") = "Leadify.AppHost", "src\host\Leadify.AppHost\Leadify.AppHost.csproj", "{84FA2169-A410-4880-A743-606735485C45}"
EndProject
Project("{9A19103F-16F7-4668-BE54-9A1E7A4F7556}") = "Leadify.ServiceDefaults", "src\host\Leadify.ServiceDefaults\Leadify.ServiceDefaults.csproj", "{F5B8AD94-4374-47D1-9A18-AE3B76D8BE6A}"
EndProject
Project("{2150E333-8FDC-42A3-9474-1A3956D46DE8}") = "Solution Items", "Solution Items", "{E8A7E0DE-EF53-4460-98C7-9F0ACD35D89F}"
	ProjectSection(SolutionItems) = preProject
		.editorconfig = .editorconfig
	EndProjectSection
EndProject
Project("{2150E333-8FDC-42A3-9474-1A3956D46DE8}") = "client", "client", "{E7A28C22-48B9-48A1-B34C-C3907C031DDD}"
EndProject
Project("{54a90642-561a-4bb1-a94e-469adee60c69}") = "Leadify.Client", "src\client\Leadify.Client\Leadify.Client.esproj", "{C3DC9292-CC16-4F6B-9F64-2FE473A77A26}"
EndProject
Global
	GlobalSection(SolutionConfigurationPlatforms) = preSolution
		Debug|Any CPU = Debug|Any CPU
		Release|Any CPU = Release|Any CPU
	EndGlobalSection
	GlobalSection(ProjectConfigurationPlatforms) = postSolution
		{3286D4E4-3FFA-4F8E-A4E7-32E05D22AC9B}.Debug|Any CPU.ActiveCfg = Debug|Any CPU
		{3286D4E4-3FFA-4F8E-A4E7-32E05D22AC9B}.Debug|Any CPU.Build.0 = Debug|Any CPU
		{3286D4E4-3FFA-4F8E-A4E7-32E05D22AC9B}.Release|Any CPU.ActiveCfg = Release|Any CPU
		{3286D4E4-3FFA-4F8E-A4E7-32E05D22AC9B}.Release|Any CPU.Build.0 = Release|Any CPU
		{4DD0B196-FB6E-4A37-8560-028E6DDA7170}.Debug|Any CPU.ActiveCfg = Debug|Any CPU
		{4DD0B196-FB6E-4A37-8560-028E6DDA7170}.Debug|Any CPU.Build.0 = Debug|Any CPU
		{4DD0B196-FB6E-4A37-8560-028E6DDA7170}.Release|Any CPU.ActiveCfg = Release|Any CPU
		{4DD0B196-FB6E-4A37-8560-028E6DDA7170}.Release|Any CPU.Build.0 = Release|Any CPU
		{ED3E2D33-09EA-481E-8F39-6ED4026C7F8C}.Debug|Any CPU.ActiveCfg = Debug|Any CPU
		{ED3E2D33-09EA-481E-8F39-6ED4026C7F8C}.Debug|Any CPU.Build.0 = Debug|Any CPU
		{ED3E2D33-09EA-481E-8F39-6ED4026C7F8C}.Release|Any CPU.ActiveCfg = Release|Any CPU
		{ED3E2D33-09EA-481E-8F39-6ED4026C7F8C}.Release|Any CPU.Build.0 = Release|Any CPU
		{F010AF76-B4B2-4F31-9F97-7CA6715A5118}.Debug|Any CPU.ActiveCfg = Debug|Any CPU
		{F010AF76-B4B2-4F31-9F97-7CA6715A5118}.Debug|Any CPU.Build.0 = Debug|Any CPU
		{F010AF76-B4B2-4F31-9F97-7CA6715A5118}.Release|Any CPU.ActiveCfg = Release|Any CPU
		{F010AF76-B4B2-4F31-9F97-7CA6715A5118}.Release|Any CPU.Build.0 = Release|Any CPU
		{B8A7C491-E5BD-4B16-ACF6-1BAB22FD7DDA}.Debug|Any CPU.ActiveCfg = Debug|Any CPU
		{B8A7C491-E5BD-4B16-ACF6-1BAB22FD7DDA}.Debug|Any CPU.Build.0 = Debug|Any CPU
		{B8A7C491-E5BD-4B16-ACF6-1BAB22FD7DDA}.Release|Any CPU.ActiveCfg = Release|Any CPU
		{B8A7C491-E5BD-4B16-ACF6-1BAB22FD7DDA}.Release|Any CPU.Build.0 = Release|Any CPU
		{A5163F2E-0D15-49B5-B887-4F46061B32DC}.Debug|Any CPU.ActiveCfg = Debug|Any CPU
		{A5163F2E-0D15-49B5-B887-4F46061B32DC}.Debug|Any CPU.Build.0 = Debug|Any CPU
		{A5163F2E-0D15-49B5-B887-4F46061B32DC}.Release|Any CPU.ActiveCfg = Release|Any CPU
		{A5163F2E-0D15-49B5-B887-4F46061B32DC}.Release|Any CPU.Build.0 = Release|Any CPU
		{84FA2169-A410-4880-A743-606735485C45}.Debug|Any CPU.ActiveCfg = Debug|Any CPU
		{84FA2169-A410-4880-A743-606735485C45}.Debug|Any CPU.Build.0 = Debug|Any CPU
		{84FA2169-A410-4880-A743-606735485C45}.Release|Any CPU.ActiveCfg = Release|Any CPU
		{84FA2169-A410-4880-A743-606735485C45}.Release|Any CPU.Build.0 = Release|Any CPU
		{F5B8AD94-4374-47D1-9A18-AE3B76D8BE6A}.Debug|Any CPU.ActiveCfg = Debug|Any CPU
		{F5B8AD94-4374-47D1-9A18-AE3B76D8BE6A}.Debug|Any CPU.Build.0 = Debug|Any CPU
		{F5B8AD94-4374-47D1-9A18-AE3B76D8BE6A}.Release|Any CPU.ActiveCfg = Release|Any CPU
		{F5B8AD94-4374-47D1-9A18-AE3B76D8BE6A}.Release|Any CPU.Build.0 = Release|Any CPU
		{C3DC9292-CC16-4F6B-9F64-2FE473A77A26}.Debug|Any CPU.ActiveCfg = Debug|Any CPU
		{C3DC9292-CC16-4F6B-9F64-2FE473A77A26}.Debug|Any CPU.Build.0 = Debug|Any CPU
		{C3DC9292-CC16-4F6B-9F64-2FE473A77A26}.Release|Any CPU.ActiveCfg = Release|Any CPU
		{C3DC9292-CC16-4F6B-9F64-2FE473A77A26}.Release|Any CPU.Build.0 = Release|Any CPU
	EndGlobalSection
	GlobalSection(SolutionProperties) = preSolution
		HideSolutionNode = FALSE
	EndGlobalSection
	GlobalSection(NestedProjects) = preSolution
		{B48F6957-AFEA-4D9D-8CFB-2A243AA40091} = {B2229819-300D-4B09-A0D8-E6FB11CFD52E}
		{3286D4E4-3FFA-4F8E-A4E7-32E05D22AC9B} = {B48F6957-AFEA-4D9D-8CFB-2A243AA40091}
		{4DD0B196-FB6E-4A37-8560-028E6DDA7170} = {B48F6957-AFEA-4D9D-8CFB-2A243AA40091}
		{ED3E2D33-09EA-481E-8F39-6ED4026C7F8C} = {B48F6957-AFEA-4D9D-8CFB-2A243AA40091}
		{F010AF76-B4B2-4F31-9F97-7CA6715A5118} = {B48F6957-AFEA-4D9D-8CFB-2A243AA40091}
		{B8A7C491-E5BD-4B16-ACF6-1BAB22FD7DDA} = {B48F6957-AFEA-4D9D-8CFB-2A243AA40091}
		{A5163F2E-0D15-49B5-B887-4F46061B32DC} = {B48F6957-AFEA-4D9D-8CFB-2A243AA40091}
		{4A26BC6B-5C78-4D99-8BED-B0D8A9920643} = {B2229819-300D-4B09-A0D8-E6FB11CFD52E}
		{84FA2169-A410-4880-A743-606735485C45} = {4A26BC6B-5C78-4D99-8BED-B0D8A9920643}
		{F5B8AD94-4374-47D1-9A18-AE3B76D8BE6A} = {4A26BC6B-5C78-4D99-8BED-B0D8A9920643}
		{E7A28C22-48B9-48A1-B34C-C3907C031DDD} = {B2229819-300D-4B09-A0D8-E6FB11CFD52E}
		{C3DC9292-CC16-4F6B-9F64-2FE473A77A26} = {E7A28C22-48B9-48A1-B34C-C3907C031DDD}
	EndGlobalSection
	GlobalSection(ExtensibilityGlobals) = postSolution
		SolutionGuid = {19A147F4-23A4-4E48-B4BC-CB52B0837C4C}
	EndGlobalSection
EndGlobal
