
Microsoft Visual Studio Solution File, Format Version 12.00
# Visual Studio Version 17
VisualStudioVersion = 17.0.31903.59
MinimumVisualStudioVersion = 10.0.40219.1
Project("{9A19103F-16F7-4668-BE54-9A1E7A4F7556}") = "TwoOneHomes.App", "TwoOneHomes.App\TwoOneHomes.App.csproj", "{3286D4E4-3FFA-4F8E-A4E7-32E05D22AC9B}"
EndProject
Project("{9A19103F-16F7-4668-BE54-9A1E7A4F7556}") = "TwoOneHomes.Application", "TwoOneHomes.Application\TwoOneHomes.Application.csproj", "{4DD0B196-FB6E-4A37-8560-028E6DDA7170}"
EndProject
Project("{9A19103F-16F7-4668-BE54-9A1E7A4F7556}") = "TwoOneHomes.Domain", "TwoOneHomes.Domain\TwoOneHomes.Domain.csproj", "{ED3E2D33-09EA-481E-8F39-6ED4026C7F8C}"
EndProject
Project("{9A19103F-16F7-4668-BE54-9A1E7A4F7556}") = "TwoOneHomes.Infrastructure", "TwoOneHomes.Infrastructure\TwoOneHomes.Infrastructure.csproj", "{F010AF76-B4B2-4F31-9F97-7CA6715A5118}"
EndProject
Project("{9A19103F-16F7-4668-BE54-9A1E7A4F7556}") = "TwoOneHomes.Persistence", "TwoOneHomes.Persistence\TwoOneHomes.Persistence.csproj", "{B8A7C491-E5BD-4B16-ACF6-1BAB22FD7DDA}"
EndProject
Project("{9A19103F-16F7-4668-BE54-9A1E7A4F7556}") = "TwoOneHomes.Presentation", "TwoOneHomes.Presentation\TwoOneHomes.Presentation.csproj", "{A5163F2E-0D15-49B5-B887-4F46061B32DC}"
EndProject
Project("{9A19103F-16F7-4668-BE54-9A1E7A4F7556}") = "TwoOneHomes.AppHost", "TwoOneHomes.AppHost\TwoOneHomes.AppHost.csproj", "{84FA2169-A410-4880-A743-606735485C45}"
EndProject
Project("{9A19103F-16F7-4668-BE54-9A1E7A4F7556}") = "TwoOneHomes.ServiceDefaults", "TwoOneHomes.ServiceDefaults\TwoOneHomes.ServiceDefaults.csproj", "{F5B8AD94-4374-47D1-9A18-AE3B76D8BE6A}"
EndProject
Project("{2150E333-8FDC-42A3-9474-1A3956D46DE8}") = "Solution Items", "Solution Items", "{E8A7E0DE-EF53-4460-98C7-9F0ACD35D89F}"
	ProjectSection(SolutionItems) = preProject
		.editorconfig = .editorconfig
	EndProjectSection
EndProject
Project("{54A90642-561A-4BB1-A94E-469ADEE60C69}") = "TwoOneHomes.Client", "TwoOneHomes.Client\TwoOneHomes.Client.esproj", "{C3DC9292-CC16-4F6B-9F64-2FE473A77A26}"
EndProject
Project("{2150E333-8FDC-42A3-9474-1A3956D46DE8}") = "server", "server", "{92107312-A6EF-4B35-B1D7-30679C82BFF1}"
EndProject
Project("{2150E333-8FDC-42A3-9474-1A3956D46DE8}") = "client", "client", "{F6A5233B-004B-4549-8D14-5F621D5C228C}"
EndProject
Project("{2150E333-8FDC-42A3-9474-1A3956D46DE8}") = "host", "host", "{A59007A3-ED7E-48DA-954C-C6BB9DF43722}"
EndProject
Project("{2150E333-8FDC-42A3-9474-1A3956D46DE8}") = "core", "core", "{1438F724-63AE-443E-9411-57F427903A7B}"
EndProject
Global
	GlobalSection(SolutionConfigurationPlatforms) = preSolution
		Debug|Any CPU = Debug|Any CPU
		Release|Any CPU = Release|Any CPU
	EndGlobalSection
	GlobalSection(ProjectConfigurationPlatforms) = postSolution
		{3286D4E4-3FFA-4F8E-A4E7-32E05D22AC9B}.Debug|Any CPU.ActiveCfg = Debug|Any CPU
		{3286D4E4-3FFA-4F8E-A4E7-32E05D22AC9B}.Debug|Any CPU.Build.0 = Debug|Any CPU
		{3286D4E4-3FFA-4F8E-A4E7-32E05D22AC9B}.Release|Any CPU.ActiveCfg = Release|Any CPU
		{3286D4E4-3FFA-4F8E-A4E7-32E05D22AC9B}.Release|Any CPU.Build.0 = Release|Any CPU
		{4DD0B196-FB6E-4A37-8560-028E6DDA7170}.Debug|Any CPU.ActiveCfg = Debug|Any CPU
		{4DD0B196-FB6E-4A37-8560-028E6DDA7170}.Debug|Any CPU.Build.0 = Debug|Any CPU
		{4DD0B196-FB6E-4A37-8560-028E6DDA7170}.Release|Any CPU.ActiveCfg = Release|Any CPU
		{4DD0B196-FB6E-4A37-8560-028E6DDA7170}.Release|Any CPU.Build.0 = Release|Any CPU
		{ED3E2D33-09EA-481E-8F39-6ED4026C7F8C}.Debug|Any CPU.ActiveCfg = Debug|Any CPU
		{ED3E2D33-09EA-481E-8F39-6ED4026C7F8C}.Debug|Any CPU.Build.0 = Debug|Any CPU
		{ED3E2D33-09EA-481E-8F39-6ED4026C7F8C}.Release|Any CPU.ActiveCfg = Release|Any CPU
		{ED3E2D33-09EA-481E-8F39-6ED4026C7F8C}.Release|Any CPU.Build.0 = Release|Any CPU
		{F010AF76-B4B2-4F31-9F97-7CA6715A5118}.Debug|Any CPU.ActiveCfg = Debug|Any CPU
		{F010AF76-B4B2-4F31-9F97-7CA6715A5118}.Debug|Any CPU.Build.0 = Debug|Any CPU
		{F010AF76-B4B2-4F31-9F97-7CA6715A5118}.Release|Any CPU.ActiveCfg = Release|Any CPU
		{F010AF76-B4B2-4F31-9F97-7CA6715A5118}.Release|Any CPU.Build.0 = Release|Any CPU
		{B8A7C491-E5BD-4B16-ACF6-1BAB22FD7DDA}.Debug|Any CPU.ActiveCfg = Debug|Any CPU
		{B8A7C491-E5BD-4B16-ACF6-1BAB22FD7DDA}.Debug|Any CPU.Build.0 = Debug|Any CPU
		{B8A7C491-E5BD-4B16-ACF6-1BAB22FD7DDA}.Release|Any CPU.ActiveCfg = Release|Any CPU
		{B8A7C491-E5BD-4B16-ACF6-1BAB22FD7DDA}.Release|Any CPU.Build.0 = Release|Any CPU
		{A5163F2E-0D15-49B5-B887-4F46061B32DC}.Debug|Any CPU.ActiveCfg = Debug|Any CPU
		{A5163F2E-0D15-49B5-B887-4F46061B32DC}.Debug|Any CPU.Build.0 = Debug|Any CPU
		{A5163F2E-0D15-49B5-B887-4F46061B32DC}.Release|Any CPU.ActiveCfg = Release|Any CPU
		{A5163F2E-0D15-49B5-B887-4F46061B32DC}.Release|Any CPU.Build.0 = Release|Any CPU
		{84FA2169-A410-4880-A743-606735485C45}.Debug|Any CPU.ActiveCfg = Debug|Any CPU
		{84FA2169-A410-4880-A743-606735485C45}.Debug|Any CPU.Build.0 = Debug|Any CPU
		{84FA2169-A410-4880-A743-606735485C45}.Release|Any CPU.ActiveCfg = Release|Any CPU
		{84FA2169-A410-4880-A743-606735485C45}.Release|Any CPU.Build.0 = Release|Any CPU
		{F5B8AD94-4374-47D1-9A18-AE3B76D8BE6A}.Debug|Any CPU.ActiveCfg = Debug|Any CPU
		{F5B8AD94-4374-47D1-9A18-AE3B76D8BE6A}.Debug|Any CPU.Build.0 = Debug|Any CPU
		{F5B8AD94-4374-47D1-9A18-AE3B76D8BE6A}.Release|Any CPU.ActiveCfg = Release|Any CPU
		{F5B8AD94-4374-47D1-9A18-AE3B76D8BE6A}.Release|Any CPU.Build.0 = Release|Any CPU
		{C3DC9292-CC16-4F6B-9F64-2FE473A77A26}.Debug|Any CPU.ActiveCfg = Debug|Any CPU
		{C3DC9292-CC16-4F6B-9F64-2FE473A77A26}.Debug|Any CPU.Build.0 = Debug|Any CPU
		{C3DC9292-CC16-4F6B-9F64-2FE473A77A26}.Release|Any CPU.ActiveCfg = Release|Any CPU
		{C3DC9292-CC16-4F6B-9F64-2FE473A77A26}.Release|Any CPU.Build.0 = Release|Any CPU
	EndGlobalSection
	GlobalSection(SolutionProperties) = preSolution
		HideSolutionNode = FALSE
	EndGlobalSection
	GlobalSection(ExtensibilityGlobals) = postSolution
		SolutionGuid = {19A147F4-23A4-4E48-B4BC-CB52B0837C4C}
	EndGlobalSection
	GlobalSection(NestedProjects) = preSolution
		{C3DC9292-CC16-4F6B-9F64-2FE473A77A26} = {F6A5233B-004B-4549-8D14-5F621D5C228C}
		{84FA2169-A410-4880-A743-606735485C45} = {A59007A3-ED7E-48DA-954C-C6BB9DF43722}
		{F5B8AD94-4374-47D1-9A18-AE3B76D8BE6A} = {A59007A3-ED7E-48DA-954C-C6BB9DF43722}
		{3286D4E4-3FFA-4F8E-A4E7-32E05D22AC9B} = {92107312-A6EF-4B35-B1D7-30679C82BFF1}
		{1438F724-63AE-443E-9411-57F427903A7B} = {92107312-A6EF-4B35-B1D7-30679C82BFF1}
		{4DD0B196-FB6E-4A37-8560-028E6DDA7170} = {1438F724-63AE-443E-9411-57F427903A7B}
		{ED3E2D33-09EA-481E-8F39-6ED4026C7F8C} = {1438F724-63AE-443E-9411-57F427903A7B}
		{F010AF76-B4B2-4F31-9F97-7CA6715A5118} = {1438F724-63AE-443E-9411-57F427903A7B}
		{B8A7C491-E5BD-4B16-ACF6-1BAB22FD7DDA} = {1438F724-63AE-443E-9411-57F427903A7B}
		{A5163F2E-0D15-49B5-B887-4F46061B32DC} = {1438F724-63AE-443E-9411-57F427903A7B}
	EndGlobalSection
EndGlobal
